
Microsoft Visual Studio Solution File, Format Version 12.00
# Visual Studio 15
VisualStudioVersion = 15.0.26124.0
MinimumVisualStudioVersion = 15.0.26124.0
Project("{FAE04EC0-301F-11D3-BF4B-00C04F79EFBC}") = "Domain", "Domain\Domain.csproj", "{D7A1BD1D-7801-4B16-8D21-868CFBA13226}"
EndProject
Project("{FAE04EC0-301F-11D3-BF4B-00C04F79EFBC}") = "Application", "Application\Application.csproj", "{B3C175EB-7925-4B60-918F-29331AF55063}"
EndProject
Project("{FAE04EC0-301F-11D3-BF4B-00C04F79EFBC}") = "Persistence", "Persistence\Persistence.csproj", "{EED6AC7D-F9A5-4FC8-889A-8DB9A4E4A1B0}"
EndProject
Project("{FAE04EC0-301F-11D3-BF4B-00C04F79EFBC}") = "API", "API\API.csproj", "{BC4497F9-61B5-4E81-8A7E-3135BD47A93D}"
EndProject
Project("{FAE04EC0-301F-11D3-BF4B-00C04F79EFBC}") = "InfraStructure", "InfraStructure\InfraStructure.csproj", "{A4DA51CB-BB25-4E6E-B461-8E899A9488E7}"
EndProject
Global
	GlobalSection(SolutionConfigurationPlatforms) = preSolution
		Debug|Any CPU = Debug|Any CPU
		Debug|x64 = Debug|x64
		Debug|x86 = Debug|x86
		Release|Any CPU = Release|Any CPU
		Release|x64 = Release|x64
		Release|x86 = Release|x86
	EndGlobalSection
	GlobalSection(SolutionProperties) = preSolution
		HideSolutionNode = FALSE
	EndGlobalSection
	GlobalSection(ProjectConfigurationPlatforms) = postSolution
		{D7A1BD1D-7801-4B16-8D21-868CFBA13226}.Debug|Any CPU.ActiveCfg = Debug|Any CPU
		{D7A1BD1D-7801-4B16-8D21-868CFBA13226}.Debug|Any CPU.Build.0 = Debug|Any CPU
		{D7A1BD1D-7801-4B16-8D21-868CFBA13226}.Debug|x64.ActiveCfg = Debug|Any CPU
		{D7A1BD1D-7801-4B16-8D21-868CFBA13226}.Debug|x64.Build.0 = Debug|Any CPU
		{D7A1BD1D-7801-4B16-8D21-868CFBA13226}.Debug|x86.ActiveCfg = Debug|Any CPU
		{D7A1BD1D-7801-4B16-8D21-868CFBA13226}.Debug|x86.Build.0 = Debug|Any CPU
		{D7A1BD1D-7801-4B16-8D21-868CFBA13226}.Release|Any CPU.ActiveCfg = Release|Any CPU
		{D7A1BD1D-7801-4B16-8D21-868CFBA13226}.Release|Any CPU.Build.0 = Release|Any CPU
		{D7A1BD1D-7801-4B16-8D21-868CFBA13226}.Release|x64.ActiveCfg = Release|Any CPU
		{D7A1BD1D-7801-4B16-8D21-868CFBA13226}.Release|x64.Build.0 = Release|Any CPU
		{D7A1BD1D-7801-4B16-8D21-868CFBA13226}.Release|x86.ActiveCfg = Release|Any CPU
		{D7A1BD1D-7801-4B16-8D21-868CFBA13226}.Release|x86.Build.0 = Release|Any CPU
		{B3C175EB-7925-4B60-918F-29331AF55063}.Debug|Any CPU.ActiveCfg = Debug|Any CPU
		{B3C175EB-7925-4B60-918F-29331AF55063}.Debug|Any CPU.Build.0 = Debug|Any CPU
		{B3C175EB-7925-4B60-918F-29331AF55063}.Debug|x64.ActiveCfg = Debug|Any CPU
		{B3C175EB-7925-4B60-918F-29331AF55063}.Debug|x64.Build.0 = Debug|Any CPU
		{B3C175EB-7925-4B60-918F-29331AF55063}.Debug|x86.ActiveCfg = Debug|Any CPU
		{B3C175EB-7925-4B60-918F-29331AF55063}.Debug|x86.Build.0 = Debug|Any CPU
		{B3C175EB-7925-4B60-918F-29331AF55063}.Release|Any CPU.ActiveCfg = Release|Any CPU
		{B3C175EB-7925-4B60-918F-29331AF55063}.Release|Any CPU.Build.0 = Release|Any CPU
		{B3C175EB-7925-4B60-918F-29331AF55063}.Release|x64.ActiveCfg = Release|Any CPU
		{B3C175EB-7925-4B60-918F-29331AF55063}.Release|x64.Build.0 = Release|Any CPU
		{B3C175EB-7925-4B60-918F-29331AF55063}.Release|x86.ActiveCfg = Release|Any CPU
		{B3C175EB-7925-4B60-918F-29331AF55063}.Release|x86.Build.0 = Release|Any CPU
		{EED6AC7D-F9A5-4FC8-889A-8DB9A4E4A1B0}.Debug|Any CPU.ActiveCfg = Debug|Any CPU
		{EED6AC7D-F9A5-4FC8-889A-8DB9A4E4A1B0}.Debug|Any CPU.Build.0 = Debug|Any CPU
		{EED6AC7D-F9A5-4FC8-889A-8DB9A4E4A1B0}.Debug|x64.ActiveCfg = Debug|Any CPU
		{EED6AC7D-F9A5-4FC8-889A-8DB9A4E4A1B0}.Debug|x64.Build.0 = Debug|Any CPU
		{EED6AC7D-F9A5-4FC8-889A-8DB9A4E4A1B0}.Debug|x86.ActiveCfg = Debug|Any CPU
		{EED6AC7D-F9A5-4FC8-889A-8DB9A4E4A1B0}.Debug|x86.Build.0 = Debug|Any CPU
		{EED6AC7D-F9A5-4FC8-889A-8DB9A4E4A1B0}.Release|Any CPU.ActiveCfg = Release|Any CPU
		{EED6AC7D-F9A5-4FC8-889A-8DB9A4E4A1B0}.Release|Any CPU.Build.0 = Release|Any CPU
		{EED6AC7D-F9A5-4FC8-889A-8DB9A4E4A1B0}.Release|x64.ActiveCfg = Release|Any CPU
		{EED6AC7D-F9A5-4FC8-889A-8DB9A4E4A1B0}.Release|x64.Build.0 = Release|Any CPU
		{EED6AC7D-F9A5-4FC8-889A-8DB9A4E4A1B0}.Release|x86.ActiveCfg = Release|Any CPU
		{EED6AC7D-F9A5-4FC8-889A-8DB9A4E4A1B0}.Release|x86.Build.0 = Release|Any CPU
		{BC4497F9-61B5-4E81-8A7E-3135BD47A93D}.Debug|Any CPU.ActiveCfg = Debug|Any CPU
		{BC4497F9-61B5-4E81-8A7E-3135BD47A93D}.Debug|Any CPU.Build.0 = Debug|Any CPU
		{BC4497F9-61B5-4E81-8A7E-3135BD47A93D}.Debug|x64.ActiveCfg = Debug|Any CPU
		{BC4497F9-61B5-4E81-8A7E-3135BD47A93D}.Debug|x64.Build.0 = Debug|Any CPU
		{BC4497F9-61B5-4E81-8A7E-3135BD47A93D}.Debug|x86.ActiveCfg = Debug|Any CPU
		{BC4497F9-61B5-4E81-8A7E-3135BD47A93D}.Debug|x86.Build.0 = Debug|Any CPU
		{BC4497F9-61B5-4E81-8A7E-3135BD47A93D}.Release|Any CPU.ActiveCfg = Release|Any CPU
		{BC4497F9-61B5-4E81-8A7E-3135BD47A93D}.Release|Any CPU.Build.0 = Release|Any CPU
		{BC4497F9-61B5-4E81-8A7E-3135BD47A93D}.Release|x64.ActiveCfg = Release|Any CPU
		{BC4497F9-61B5-4E81-8A7E-3135BD47A93D}.Release|x64.Build.0 = Release|Any CPU
		{BC4497F9-61B5-4E81-8A7E-3135BD47A93D}.Release|x86.ActiveCfg = Release|Any CPU
		{BC4497F9-61B5-4E81-8A7E-3135BD47A93D}.Release|x86.Build.0 = Release|Any CPU
		{A4DA51CB-BB25-4E6E-B461-8E899A9488E7}.Debug|Any CPU.ActiveCfg = Debug|Any CPU
		{A4DA51CB-BB25-4E6E-B461-8E899A9488E7}.Debug|Any CPU.Build.0 = Debug|Any CPU
		{A4DA51CB-BB25-4E6E-B461-8E899A9488E7}.Debug|x64.ActiveCfg = Debug|Any CPU
		{A4DA51CB-BB25-4E6E-B461-8E899A9488E7}.Debug|x64.Build.0 = Debug|Any CPU
		{A4DA51CB-BB25-4E6E-B461-8E899A9488E7}.Debug|x86.ActiveCfg = Debug|Any CPU
		{A4DA51CB-BB25-4E6E-B461-8E899A9488E7}.Debug|x86.Build.0 = Debug|Any CPU
		{A4DA51CB-BB25-4E6E-B461-8E899A9488E7}.Release|Any CPU.ActiveCfg = Release|Any CPU
		{A4DA51CB-BB25-4E6E-B461-8E899A9488E7}.Release|Any CPU.Build.0 = Release|Any CPU
		{A4DA51CB-BB25-4E6E-B461-8E899A9488E7}.Release|x64.ActiveCfg = Release|Any CPU
		{A4DA51CB-BB25-4E6E-B461-8E899A9488E7}.Release|x64.Build.0 = Release|Any CPU
		{A4DA51CB-BB25-4E6E-B461-8E899A9488E7}.Release|x86.ActiveCfg = Release|Any CPU
		{A4DA51CB-BB25-4E6E-B461-8E899A9488E7}.Release|x86.Build.0 = Release|Any CPU
	EndGlobalSection
EndGlobal
